
Microsoft Visual Studio Solution File, Format Version 12.00
# Visual Studio Version 17
VisualStudioVersion = 17.13.35931.197 d17.13
MinimumVisualStudioVersion = 10.0.40219.1
Project("{FAE04EC0-301F-11D3-BF4B-00C04F79EFBC}") = "PrzepisakApi", "PrzepisakApi.csproj", "{46778384-0309-46B1-AD0C-0AFD41AFE362}"
EndProject
Global
	GlobalSection(SolutionConfigurationPlatforms) = preSolution
		Debug|Any CPU = Debug|Any CPU
		Release|Any CPU = Release|Any CPU
	EndGlobalSection
	GlobalSection(ProjectConfigurationPlatforms) = postSolution
		{46778384-0309-46B1-AD0C-0AFD41AFE362}.Debug|Any CPU.ActiveCfg = Debug|Any CPU
		{46778384-0309-46B1-AD0C-0AFD41AFE362}.Debug|Any CPU.Build.0 = Debug|Any CPU
		{46778384-0309-46B1-AD0C-0AFD41AFE362}.Release|Any CPU.ActiveCfg = Release|Any CPU
		{46778384-0309-46B1-AD0C-0AFD41AFE362}.Release|Any CPU.Build.0 = Release|Any CPU
	EndGlobalSection
	GlobalSection(SolutionProperties) = preSolution
		HideSolutionNode = FALSE
	EndGlobalSection
	GlobalSection(ExtensibilityGlobals) = postSolution
		SolutionGuid = {D3F230F7-8A58-43A8-8E66-72D0F6023E48}
	EndGlobalSection
EndGlobal
